9fans.net/go v0.0.4 h1:g7K+b5I1PlSBFLnjuco3LAx5boK39UUl0Gsrmw6Gl2U=
9fans.net/go v0.0.4/go.mod h1:lfPdxjq9v8pVQXUMBCx5EO5oLXWQFlKRQgs1kEkjoIM=
filippo.io/age v1.0.0 h1:V6q14n0mqYU3qKFkZ6oOaF9oXneOviS3ubXsSVBRSzc=
filippo.io/age v1.0.0/go.mod h1:PaX+Si/Sd5G8LgfCwldsSba3H1DDQZhIhFGkhbHaBq8=
filippo.io/edwards25519 v1.0.0 h1:0wAIcmJUqRdI8IJ/3eGi5/HwXZWPujYXXlkrQogz0Ek=
filippo.io/edwards25519 v1.0.0/go.mod h1:N1IkdkCkiLB6tki+MYJoSx2JTY9NUlxZE7eHn5EwJns=
github.com/BurntSushi/toml v1.1.0 h1:ksErzDEI1khOiGPgpwuI7x2ebx/uXQNw7xJpn9Eq1+I=
github.com/BurntSushi/toml v1.1.0/go.mod h1:CxXYINrC8qIiEnFrOxCa7Jy5BFHlXnUU2pbicEuybxQ=
github.com/client9/misspell v0.3.4 h1:ta993UF76GwbvJcIo3Y68y/M3WxlpEHPWIGDkJYwzJI=
github.com/davecgh/go-spew v1.1.0/go.mod h1:J7Y8YcW2NihsgmVo/mv3lAwl/skON4iLHjSsI+c5H38=
github.com/davecgh/go-spew v1.1.1 h1:vj9j/u1bqnvCEfJOwUhtlOARqs3+rkHYY13jYWTU97c=
github.com/davecgh/go-spew v1.1.1/go.mod h1:J7Y8YcW2NihsgmVo/mv3lAwl/skON4iLHjSsI+c5H38=
github.com/frankban/quicktest v1.14.2 h1:SPb1KFFmM+ybpEjPUhCCkZOM5xlovT5UbrMvWnXyBns=
github.com/google/codesearch v1.2.0 h1:VlyAH+AntnIbGGArOUs6sEBdPVwYvf1e8Uw3/TC77cA=
github.com/google/codesearch v1.2.0/go.mod h1:9wQjQDVAP7Mvt96tw1KqVeXncdBLOWUYdxRiHlsG6Xc=
github.com/google/go-cmp v0.5.8 h1:e6P7q2lk1O+qJJb4BtCQXlK8vWEO8V1ZeuEdJNOqZyg=
github.com/google/go-cmp v0.5.8/go.mod h1:17dUlkBOakJ0+DkrSSNjCkIjxS6bF9zb3elmeNGIjoY=
github.com/kr/pretty v0.1.0/go.mod h1:dAy3ld7l9f0ibDNOQOHHMYYIIbhfbHSm3C4ZsoJORNo=
github.com/kr/pretty v0.3.0 h1:WgNl7dwNpEZ6jJ9k1snq4pZsg7DOEN8hP9Xw0Tsjwk0=
github.com/kr/pty v1.1.1/go.mod h1:pFQYn66WHrOpPYNljwOMqo10TkYh1fy3cYio2l3bCsQ=
github.com/kr/text v0.1.0/go.mod h1:4Jbv+DJW3UT/LiOwJeYQe1efqtUx/iVham/4vfdArNI=
github.com/kr/text v0.2.0 h1:5Nx0Ya0ZqY2ygV366QzturHI13Jq95ApcVaJBhpS+AY=
github.com/pkg/diff v0.0.0-20210226163009-20ebb0f2a09e h1:aoZm08cpOy4WuID//EZDgcC4zIxODThtZNPirFr42+A=
github.com/pkg/diff v0.0.0-20210226163009-20ebb0f2a09e/go.mod h1:pJLUxLENpZxwdsKMEsNbx1VGcRFpLqf3715MtcvvzbA=
github.com/pmezard/go-difflib v1.0.0 h1:4DBwDE0NGyQoBHbLQYPwSUPoCMWR5BEzIk/f1lZbAQM=
github.com/pmezard/go-difflib v1.0.0/go.mod h1:iKH77koFhYxTK1pcRnkKkqfTogsbg7gZNVY4sRDYZ/4=
github.com/rogpeppe/go-internal v1.8.1 h1:geMPLpDpQOgVyCg5z5GoRwLHepNdb71NXb67XFkP+Eg=
github.com/rogpeppe/go-internal v1.8.1/go.mod h1:JeRgkft04UBgHMgCIwADu4Pn6Mtm5d4nPKWu0nJ5d+o=
github.com/sergi/go-diff v1.2.0 h1:XU+rvMAioB0UC3q1MFrIQy4Vo5/4VsRDQQXHsEya6xQ=
github.com/sergi/go-diff v1.2.0/go.mod h1:STckp+ISIX8hZLjrqAeVduY0gWCT9IjLuqbuNXdaHfM=
github.com/stretchr/objx v0.1.0/go.mod h1:HFkY916IF+rwdDfMAkV7OtwuqBVzrE8GR6GFx+wExME=
github.com/stretchr/testify v1.4.0 h1:2E4SXV/wtOkTonXsotYi4li6zVWxYlZuYNCXe9XRJyk=
github.com/stretchr/testify v1.4.0/go.mod h1:j7eGeouHqKxXV5pUuKE4zz7dFj8WfuZ+81PSLYec5m4=
github.com/yuin/goldmark v1.4.12 h1:6hffw6vALvEDqJ19dOJvJKOoAOKe4NDaTqvd2sktGN0=
github.com/yuin/goldmark v1.4.12/go.mod h1:6yULJ656Px+3vBD8DxQVa3kxgyrAnzto9xy5taEt/CY=
golang.org/x/crypto v0.0.0-20220622213112-05595931fe9d h1:sK3txAijHtOK88l68nt020reeT1ZdKLIYetKl95FzVY=
golang.org/x/crypto v0.0.0-20220622213112-05595931fe9d/go.mod h1:IxCIyHEi3zRg3s0A5j5BB6A9Jmi73HwBIUl50j+osU4=
golang.org/x/exp/typeparams v0.0.0-20220706164943-b4a6d9510983 h1:HQd/k5GPGFHfR/Kilxs8qB58ED/+RRiEW4mN2ZEo3ew=
golang.org/x/exp/typeparams v0.0.0-20220706164943-b4a6d9510983/go.mod h1:AbB0pIl9nAr9wVwH+Z2ZpaocVmF5I4GyWCDIsVjR0bk=
golang.org/x/mod v0.6.0-dev.0.20220419223038-86c51ed26bb4 h1:6zppjxzCulZykYSLyVDYbneBfbaBIQPYMevg0bEwv2s=
golang.org/x/mod v0.6.0-dev.0.20220419223038-86c51ed26bb4/go.mod h1:jJ57K6gSWd91VN4djpZkiMVwK6gcyfeH4XE8wZrZaV4=
golang.org/x/net v0.0.0-20211112202133-69e39bad7dc2 h1:CIJ76btIcR3eFI5EgSo6k1qKw9KJexJuRLI9G7Hp5wE=
golang.org/x/net v0.0.0-20211112202133-69e39bad7dc2/go.mod h1:9nx3DQGgdP8bBQD5qxJ1jj9UTztislL4KSBs9R2vV5Y=
golang.org/x/sync v0.0.0-20210220032951-036812b2e83c/go.mod h1:RxMgew5VJxzue5/jJTE5uejpjVlOe/izrB70Jof72aM=
golang.org/x/sync v0.0.0-20220601150217-0de741cfad7f h1:Ax0t5p6N38Ga0dThY21weqDEyz2oklo4IvDkpigvkD8=
golang.org/x/sync v0.0.0-20220601150217-0de741cfad7f/go.mod h1:RxMgew5VJxzue5/jJTE5uejpjVlOe/izrB70Jof72aM=
golang.org/x/sys v0.0.0-20220704084225-05e143d24a9e h1:CsOuNlbOuf0mzxJIefr6Q4uAUetRUwZE4qt7VfzP+xo=
golang.org/x/sys v0.0.0-20220704084225-05e143d24a9e/go.mod h1:oPkhp1MJrh7nUepCBck5+mAzfO9JrbApNNgaTdGDITg=
golang.org/x/term v0.0.0-20220526004731-065cf7ba2467 h1:CBpWXWQpIRjzmkkA+M7q9Fqnwd2mZr3AFqexg8YTfoM=
golang.org/x/term v0.0.0-20220526004731-065cf7ba2467/go.mod h1:jbD1KX2456YbFQfuXm/mYQcufACuNUgVhRMnK/tPxf8=
golang.org/x/text v0.3.7 h1:olpwvP2KacW1ZWvsR7uQhoyTYvKAupfQrRGBFM352Gk=
golang.org/x/text v0.3.7/go.mod h1:u+2+/6zg+i71rQMx5EYifcz6MCKuco9NR6JIITiCfzQ=
golang.org/x/tools v0.1.12-0.20220630195555-6178576f8ba1 h1:WJDuUhyXESxK3m93WfO682qKcbEn25aXgEjs0xqWMOs=
golang.org/x/tools v0.1.12-0.20220630195555-6178576f8ba1/go.mod h1:SgwaegtQh8clINPpECJMqnxLv9I09HLqnW3RMqW0CA4=
golang.org/x/tools/gopls v0.9.0 h1:nEKQdO89Fkt4QTCN1xXkZzYHWZoBvIhkjJMpUaqRKUU=
golang.org/x/tools/gopls v0.9.0/go.mod h1:GjXizllvuiuq9Z+MVWNCfEfoH6m9YDfhjzmf1seNQxA=
golang.org/x/vuln v0.0.0-20220706211848-53997b15b7bd h1:8D+/YCj0skhpZ4qPWfQilRTp64qOT+96xN1L1OTgQm8=
golang.org/x/vuln v0.0.0-20220706211848-53997b15b7bd/go.mod h1:UZshlUPxXeGUM9I14UOawXQg6yosDE9cr1vKY/DzgWo=
gopkg.in/check.v1 v0.0.0-20161208181325-20d25e280405/go.mod h1:Co6ibVJAznAaIkqp8huTwlJQCZ016jof/cbN4VW5Yz0=
gopkg.in/check.v1 v1.0.0-20180628173108-788fd7840127/go.mod h1:Co6ibVJAznAaIkqp8huTwlJQCZ016jof/cbN4VW5Yz0=
gopkg.in/check.v1 v1.0.0-20190902080502-41f04d3bba15/go.mod h1:Co6ibVJAznAaIkqp8huTwlJQCZ016jof/cbN4VW5Yz0=
gopkg.in/errgo.v2 v2.1.0 h1:0vLT13EuvQ0hNvakwLuFZ/jYrLp5F3kcWHXdRggjCE8=
gopkg.in/errgo.v2 v2.1.0/go.mod h1:hNsd1EY+bozCKY1Ytp96fpM3vjJbqLJn88ws8XvfDNI=
gopkg.in/yaml.v2 v2.2.2/go.mod h1:hI93XBmqTisBFMUTm0b8Fm+jr3Dg1NNxqwp+5A1VGuI=
gopkg.in/yaml.v2 v2.2.4 h1:/eiJrUcujPVeJ3xlSWaiNi3uSVmDGBK1pDHUHAnao1I=
gopkg.in/yaml.v2 v2.2.4/go.mod h1:hI93XBmqTisBFMUTm0b8Fm+jr3Dg1NNxqwp+5A1VGuI=
honnef.co/go/tools v0.3.2 h1:ytYb4rOqyp1TSa2EPvNVwtPQJctSELKaMyLfqNP4+34=
honnef.co/go/tools v0.3.2/go.mod h1:jzwdWgg7Jdq75wlfblQxO4neNaFFSvgc1tD5Wv8U0Yw=
mvdan.cc/gofumpt v0.3.1 h1:avhhrOmv0IuvQVK7fvwV91oFSGAk5/6Po8GXTzICeu8=
mvdan.cc/gofumpt v0.3.1/go.mod h1:w3ymliuxvzVx8DAutBnVyDqYb1Niy/yCJt/lk821YCE=
mvdan.cc/unparam v0.0.0-20211214103731-d0ef000c54e5 h1:Jh3LAeMt1eGpxomyu3jVkmVZWW2MxZ1qIIV2TZ/nRio=
mvdan.cc/xurls/v2 v2.4.0 h1:tzxjVAj+wSBmDcF6zBB7/myTy3gX9xvi8Tyr28AuQgc=
mvdan.cc/xurls/v2 v2.4.0/go.mod h1:+GEjq9uNjqs8LQfM9nVnM8rff0OQ5Iash5rzX+N1CSg=
robpike.io/ivy v0.2.8 h1:Z6y5MU6p415h2cMo1ab8A5EOuIdnIh2ES905k4DSMAI=
robpike.io/ivy v0.2.8/go.mod h1:+88JaiRY38VdNIKU7FYq5LSgqpdTi9GthjBeu1jRER0=
rsc.io/tmp/jsonfmt v0.0.0-20220221212549-b38038336847 h1:q8OuwRHjYI++tkuYCObgvtsoLcnFXIDMwm+TjbxRWLI=
rsc.io/tmp/jsonfmt v0.0.0-20220221212549-b38038336847/go.mod h1:jz74q9TmmcODF0b0yzsen25iUHe8QHbqGatNRrvT+d0=
